
Microsoft Visual Studio Solution File, Format Version 12.00
# Visual Studio 15
VisualStudioVersion = 15.0.26430.16
MinimumVisualStudioVersion = 10.0.40219.1
Project("{FAE04EC0-301F-11D3-BF4B-00C04F79EFBC}") = "FeeManagement.Android", "FeeManagement\FeeManagement.Android\FeeManagement.Android.csproj", "{0FD6ED66-3225-428C-BBFB-653330135311}"
EndProject
Project("{FAE04EC0-301F-11D3-BF4B-00C04F79EFBC}") = "FeeManagement", "FeeManagement\FeeManagement\FeeManagement.csproj", "{18D1C6F0-0532-48BE-993A-45BD68CD56C7}"
EndProject
Project("{FAE04EC0-301F-11D3-BF4B-00C04F79EFBC}") = "FeeManagement.iOS", "FeeManagement\FeeManagement.iOS\FeeManagement.iOS.csproj", "{50A36D61-CB19-4815-ADEC-70CB45568B82}"
EndProject
Global
	GlobalSection(SolutionConfigurationPlatforms) = preSolution
		Ad-Hoc|Any CPU = Ad-Hoc|Any CPU
		Ad-Hoc|iPhone = Ad-Hoc|iPhone
		Ad-Hoc|iPhoneSimulator = Ad-Hoc|iPhoneSimulator
		AppStore|Any CPU = AppStore|Any CPU
		AppStore|iPhone = AppStore|iPhone
		AppStore|iPhoneSimulator = AppStore|iPhoneSimulator
		Debug|Any CPU = Debug|Any CPU
		Debug|iPhone = Debug|iPhone
		Debug|iPhoneSimulator = Debug|iPhoneSimulator
		Release|Any CPU = Release|Any CPU
		Release|iPhone = Release|iPhone
		Release|iPhoneSimulator = Release|iPhoneSimulator
	EndGlobalSection
	GlobalSection(ProjectConfigurationPlatforms) = postSolution
		{0FD6ED66-3225-428C-BBFB-653330135311}.Ad-Hoc|Any CPU.ActiveCfg = Release|Any CPU
		{0FD6ED66-3225-428C-BBFB-653330135311}.Ad-Hoc|Any CPU.Build.0 = Release|Any CPU
		{0FD6ED66-3225-428C-BBFB-653330135311}.Ad-Hoc|Any CPU.Deploy.0 = Release|Any CPU
		{0FD6ED66-3225-428C-BBFB-653330135311}.Ad-Hoc|iPhone.ActiveCfg = Release|Any CPU
		{0FD6ED66-3225-428C-BBFB-653330135311}.Ad-Hoc|iPhone.Build.0 = Release|Any CPU
		{0FD6ED66-3225-428C-BBFB-653330135311}.Ad-Hoc|iPhone.Deploy.0 = Release|Any CPU
		{0FD6ED66-3225-428C-BBFB-653330135311}.Ad-Hoc|iPhoneSimulator.ActiveCfg = Release|Any CPU
		{0FD6ED66-3225-428C-BBFB-653330135311}.Ad-Hoc|iPhoneSimulator.Build.0 = Release|Any CPU
		{0FD6ED66-3225-428C-BBFB-653330135311}.Ad-Hoc|iPhoneSimulator.Deploy.0 = Release|Any CPU
		{0FD6ED66-3225-428C-BBFB-653330135311}.AppStore|Any CPU.ActiveCfg = Release|Any CPU
		{0FD6ED66-3225-428C-BBFB-653330135311}.AppStore|Any CPU.Build.0 = Release|Any CPU
		{0FD6ED66-3225-428C-BBFB-653330135311}.AppStore|Any CPU.Deploy.0 = Release|Any CPU
		{0FD6ED66-3225-428C-BBFB-653330135311}.AppStore|iPhone.ActiveCfg = Release|Any CPU
		{0FD6ED66-3225-428C-BBFB-653330135311}.AppStore|iPhone.Build.0 = Release|Any CPU
		{0FD6ED66-3225-428C-BBFB-653330135311}.AppStore|iPhone.Deploy.0 = Release|Any CPU
		{0FD6ED66-3225-428C-BBFB-653330135311}.AppStore|iPhoneSimulator.ActiveCfg = Release|Any CPU
		{0FD6ED66-3225-428C-BBFB-653330135311}.AppStore|iPhoneSimulator.Build.0 = Release|Any CPU
		{0FD6ED66-3225-428C-BBFB-653330135311}.AppStore|iPhoneSimulator.Deploy.0 = Release|Any CPU
		{0FD6ED66-3225-428C-BBFB-653330135311}.Debug|Any CPU.ActiveCfg = Debug|Any CPU
		{0FD6ED66-3225-428C-BBFB-653330135311}.Debug|Any CPU.Build.0 = Debug|Any CPU
		{0FD6ED66-3225-428C-BBFB-653330135311}.Debug|Any CPU.Deploy.0 = Debug|Any CPU
		{0FD6ED66-3225-428C-BBFB-653330135311}.Debug|iPhone.ActiveCfg = Debug|Any CPU
		{0FD6ED66-3225-428C-BBFB-653330135311}.Debug|iPhone.Build.0 = Debug|Any CPU
		{0FD6ED66-3225-428C-BBFB-653330135311}.Debug|iPhone.Deploy.0 = Debug|Any CPU
		{0FD6ED66-3225-428C-BBFB-653330135311}.Debug|iPhoneSimulator.ActiveCfg = Debug|Any CPU
		{0FD6ED66-3225-428C-BBFB-653330135311}.Debug|iPhoneSimulator.Build.0 = Debug|Any CPU
		{0FD6ED66-3225-428C-BBFB-653330135311}.Debug|iPhoneSimulator.Deploy.0 = Debug|Any CPU
		{0FD6ED66-3225-428C-BBFB-653330135311}.Release|Any CPU.ActiveCfg = Release|Any CPU
		{0FD6ED66-3225-428C-BBFB-653330135311}.Release|Any CPU.Build.0 = Release|Any CPU
		{0FD6ED66-3225-428C-BBFB-653330135311}.Release|Any CPU.Deploy.0 = Release|Any CPU
		{0FD6ED66-3225-428C-BBFB-653330135311}.Release|iPhone.ActiveCfg = Release|Any CPU
		{0FD6ED66-3225-428C-BBFB-653330135311}.Release|iPhone.Build.0 = Release|Any CPU
		{0FD6ED66-3225-428C-BBFB-653330135311}.Release|iPhone.Deploy.0 = Release|Any CPU
		{0FD6ED66-3225-428C-BBFB-653330135311}.Release|iPhoneSimulator.ActiveCfg = Release|Any CPU
		{0FD6ED66-3225-428C-BBFB-653330135311}.Release|iPhoneSimulator.Build.0 = Release|Any CPU
		{0FD6ED66-3225-428C-BBFB-653330135311}.Release|iPhoneSimulator.Deploy.0 = Release|Any CPU
		{18D1C6F0-0532-48BE-993A-45BD68CD56C7}.Ad-Hoc|Any CPU.ActiveCfg = Release|Any CPU
		{18D1C6F0-0532-48BE-993A-45BD68CD56C7}.Ad-Hoc|Any CPU.Build.0 = Release|Any CPU
		{18D1C6F0-0532-48BE-993A-45BD68CD56C7}.Ad-Hoc|iPhone.ActiveCfg = Release|Any CPU
		{18D1C6F0-0532-48BE-993A-45BD68CD56C7}.Ad-Hoc|iPhone.Build.0 = Release|Any CPU
		{18D1C6F0-0532-48BE-993A-45BD68CD56C7}.Ad-Hoc|iPhoneSimulator.ActiveCfg = Release|Any CPU
		{18D1C6F0-0532-48BE-993A-45BD68CD56C7}.Ad-Hoc|iPhoneSimulator.Build.0 = Release|Any CPU
		{18D1C6F0-0532-48BE-993A-45BD68CD56C7}.AppStore|Any CPU.ActiveCfg = Release|Any CPU
		{18D1C6F0-0532-48BE-993A-45BD68CD56C7}.AppStore|Any CPU.Build.0 = Release|Any CPU
		{18D1C6F0-0532-48BE-993A-45BD68CD56C7}.AppStore|iPhone.ActiveCfg = Release|Any CPU
		{18D1C6F0-0532-48BE-993A-45BD68CD56C7}.AppStore|iPhone.Build.0 = Release|Any CPU
		{18D1C6F0-0532-48BE-993A-45BD68CD56C7}.AppStore|iPhoneSimulator.ActiveCfg = Release|Any CPU
		{18D1C6F0-0532-48BE-993A-45BD68CD56C7}.AppStore|iPhoneSimulator.Build.0 = Release|Any CPU
		{18D1C6F0-0532-48BE-993A-45BD68CD56C7}.Debug|Any CPU.ActiveCfg = Debug|Any CPU
		{18D1C6F0-0532-48BE-993A-45BD68CD56C7}.Debug|Any CPU.Build.0 = Debug|Any CPU
		{18D1C6F0-0532-48BE-993A-45BD68CD56C7}.Debug|iPhone.ActiveCfg = Debug|Any CPU
		{18D1C6F0-0532-48BE-993A-45BD68CD56C7}.Debug|iPhone.Build.0 = Debug|Any CPU
		{18D1C6F0-0532-48BE-993A-45BD68CD56C7}.Debug|iPhoneSimulator.ActiveCfg = Debug|Any CPU
		{18D1C6F0-0532-48BE-993A-45BD68CD56C7}.Debug|iPhoneSimulator.Build.0 = Debug|Any CPU
		{18D1C6F0-0532-48BE-993A-45BD68CD56C7}.Release|Any CPU.ActiveCfg = Release|Any CPU
		{18D1C6F0-0532-48BE-993A-45BD68CD56C7}.Release|Any CPU.Build.0 = Release|Any CPU
		{18D1C6F0-0532-48BE-993A-45BD68CD56C7}.Release|iPhone.ActiveCfg = Release|Any CPU
		{18D1C6F0-0532-48BE-993A-45BD68CD56C7}.Release|iPhone.Build.0 = Release|Any CPU
		{18D1C6F0-0532-48BE-993A-45BD68CD56C7}.Release|iPhoneSimulator.ActiveCfg = Release|Any CPU
		{18D1C6F0-0532-48BE-993A-45BD68CD56C7}.Release|iPhoneSimulator.Build.0 = Release|Any CPU
		{50A36D61-CB19-4815-ADEC-70CB45568B82}.Ad-Hoc|Any CPU.ActiveCfg = Ad-Hoc|iPhone
		{50A36D61-CB19-4815-ADEC-70CB45568B82}.Ad-Hoc|iPhone.ActiveCfg = Ad-Hoc|iPhone
		{50A36D61-CB19-4815-ADEC-70CB45568B82}.Ad-Hoc|iPhone.Build.0 = Ad-Hoc|iPhone
		{50A36D61-CB19-4815-ADEC-70CB45568B82}.Ad-Hoc|iPhoneSimulator.ActiveCfg = Ad-Hoc|iPhoneSimulator
		{50A36D61-CB19-4815-ADEC-70CB45568B82}.Ad-Hoc|iPhoneSimulator.Build.0 = Ad-Hoc|iPhoneSimulator
		{50A36D61-CB19-4815-ADEC-70CB45568B82}.AppStore|Any CPU.ActiveCfg = AppStore|iPhone
		{50A36D61-CB19-4815-ADEC-70CB45568B82}.AppStore|iPhone.ActiveCfg = AppStore|iPhone
		{50A36D61-CB19-4815-ADEC-70CB45568B82}.AppStore|iPhone.Build.0 = AppStore|iPhone
		{50A36D61-CB19-4815-ADEC-70CB45568B82}.AppStore|iPhoneSimulator.ActiveCfg = AppStore|iPhoneSimulator
		{50A36D61-CB19-4815-ADEC-70CB45568B82}.AppStore|iPhoneSimulator.Build.0 = AppStore|iPhoneSimulator
		{50A36D61-CB19-4815-ADEC-70CB45568B82}.Debug|Any CPU.ActiveCfg = Debug|iPhone
		{50A36D61-CB19-4815-ADEC-70CB45568B82}.Debug|iPhone.ActiveCfg = Debug|iPhone
		{50A36D61-CB19-4815-ADEC-70CB45568B82}.Debug|iPhone.Build.0 = Debug|iPhone
		{50A36D61-CB19-4815-ADEC-70CB45568B82}.Debug|iPhoneSimulator.ActiveCfg = Debug|iPhoneSimulator
		{50A36D61-CB19-4815-ADEC-70CB45568B82}.Debug|iPhoneSimulator.Build.0 = Debug|iPhoneSimulator
		{50A36D61-CB19-4815-ADEC-70CB45568B82}.Release|Any CPU.ActiveCfg = Release|iPhone
		{50A36D61-CB19-4815-ADEC-70CB45568B82}.Release|iPhone.ActiveCfg = Release|iPhone
		{50A36D61-CB19-4815-ADEC-70CB45568B82}.Release|iPhone.Build.0 = Release|iPhone
		{50A36D61-CB19-4815-ADEC-70CB45568B82}.Release|iPhoneSimulator.ActiveCfg = Release|iPhoneSimulator
		{50A36D61-CB19-4815-ADEC-70CB45568B82}.Release|iPhoneSimulator.Build.0 = Release|iPhoneSimulator
	EndGlobalSection
	GlobalSection(SolutionProperties) = preSolution
		HideSolutionNode = FALSE
	EndGlobalSection
EndGlobal
